
Microsoft Visual Studio Solution File, Format Version 12.00
# Visual Studio Version 17
VisualStudioVersion = 17.0.31903.59
MinimumVisualStudioVersion = 10.0.40219.1
Project("{2150E333-8FDC-42A3-9474-1A3956D46DE8}") = "src", "src", "{7C8FDB1B-D646-44DD-BE53-B2BBFB2E49DB}"
EndProject
Project("{FAE04EC0-301F-11D3-BF4B-00C04F79EFBC}") = "Genisis.Api", "src\Genisis.Api\Genisis.Api.csproj", "{7A1ECB7D-2DD0-4A54-B671-4734DA5C5681}"
EndProject
Project("{2150E333-8FDC-42A3-9474-1A3956D46DE8}") = "tests", "tests", "{6B3DB1C4-1AFA-4E98-AEAD-175D4103BA71}"
EndProject
Project("{FAE04EC0-301F-11D3-BF4B-00C04F79EFBC}") = "Genisis.Api.Tests", "tests\Genisis.Api.Tests\Genisis.Api.Tests.csproj", "{38BE5522-E72F-4E3D-8664-F3712EA990F0}"
EndProject
Global
	GlobalSection(SolutionConfigurationPlatforms) = preSolution
		Debug|Any CPU = Debug|Any CPU
		Release|Any CPU = Release|Any CPU
	EndGlobalSection
	GlobalSection(SolutionProperties) = preSolution
		HideSolutionNode = FALSE
	EndGlobalSection
	GlobalSection(ProjectConfigurationPlatforms) = postSolution
		{7A1ECB7D-2DD0-4A54-B671-4734DA5C5681}.Debug|Any CPU.ActiveCfg = Debug|Any CPU
		{7A1ECB7D-2DD0-4A54-B671-4734DA5C5681}.Debug|Any CPU.Build.0 = Debug|Any CPU
		{7A1ECB7D-2DD0-4A54-B671-4734DA5C5681}.Release|Any CPU.ActiveCfg = Release|Any CPU
		{7A1ECB7D-2DD0-4A54-B671-4734DA5C5681}.Release|Any CPU.Build.0 = Release|Any CPU
		{38BE5522-E72F-4E3D-8664-F3712EA990F0}.Debug|Any CPU.ActiveCfg = Debug|Any CPU
		{38BE5522-E72F-4E3D-8664-F3712EA990F0}.Debug|Any CPU.Build.0 = Debug|Any CPU
		{38BE5522-E72F-4E3D-8664-F3712EA990F0}.Release|Any CPU.ActiveCfg = Release|Any CPU
		{38BE5522-E72F-4E3D-8664-F3712EA990F0}.Release|Any CPU.Build.0 = Release|Any CPU
	EndGlobalSection
	GlobalSection(NestedProjects) = preSolution
		{7A1ECB7D-2DD0-4A54-B671-4734DA5C5681} = {7C8FDB1B-D646-44DD-BE53-B2BBFB2E49DB}
		{38BE5522-E72F-4E3D-8664-F3712EA990F0} = {6B3DB1C4-1AFA-4E98-AEAD-175D4103BA71}
	EndGlobalSection
EndGlobal
